
Microsoft Visual Studio Solution File, Format Version 12.00
# Visual Studio Version 17
VisualStudioVersion = 17.14.36203.30 d17.14
MinimumVisualStudioVersion = 10.0.40219.1
Project("{FAE04EC0-301F-11D3-BF4B-00C04F79EFBC}") = "WindowsFormsApp1", "WindowsFormsApp1.csproj", "{CA3FB2D2-54A7-45ED-8598-4705D2D4449D}"
EndProject
Global
	GlobalSection(SolutionConfigurationPlatforms) = preSolution
		Debug|Any CPU = Debug|Any CPU
		Release|Any CPU = Release|Any CPU
	EndGlobalSection
	GlobalSection(ProjectConfigurationPlatforms) = postSolution
		{CA3FB2D2-54A7-45ED-8598-4705D2D4449D}.Debug|Any CPU.ActiveCfg = Debug|Any CPU
		{CA3FB2D2-54A7-45ED-8598-4705D2D4449D}.Debug|Any CPU.Build.0 = Debug|Any CPU
		{CA3FB2D2-54A7-45ED-8598-4705D2D4449D}.Release|Any CPU.ActiveCfg = Release|Any CPU
		{CA3FB2D2-54A7-45ED-8598-4705D2D4449D}.Release|Any CPU.Build.0 = Release|Any CPU
	EndGlobalSection
	GlobalSection(SolutionProperties) = preSolution
		HideSolutionNode = FALSE
	EndGlobalSection
	GlobalSection(ExtensibilityGlobals) = postSolution
		SolutionGuid = {A0DA25A8-56AD-450C-A6FF-087B74162F64}
	EndGlobalSection
EndGlobal
